
Microsoft Visual Studio Solution File, Format Version 12.00
# Visual Studio Version 16
VisualStudioVersion = 16.0.28917.181
MinimumVisualStudioVersion = 10.0.40219.1
Project("{FAE04EC0-301F-11D3-BF4B-00C04F79EFBC}") = "CafeDine", "CafeDine\CafeDine.csproj", "{B03ECC61-73DC-4D68-89D0-EC847EF4BEAF}"
EndProject
Global
	GlobalSection(SolutionConfigurationPlatforms) = preSolution
		Debug|Any CPU = Debug|Any CPU
		Release|Any CPU = Release|Any CPU
	EndGlobalSection
	GlobalSection(ProjectConfigurationPlatforms) = postSolution
		{B03ECC61-73DC-4D68-89D0-EC847EF4BEAF}.Debug|Any CPU.ActiveCfg = Debug|Any CPU
		{B03ECC61-73DC-4D68-89D0-EC847EF4BEAF}.Debug|Any CPU.Build.0 = Debug|Any CPU
		{B03ECC61-73DC-4D68-89D0-EC847EF4BEAF}.Release|Any CPU.ActiveCfg = Release|Any CPU
		{B03ECC61-73DC-4D68-89D0-EC847EF4BEAF}.Release|Any CPU.Build.0 = Release|Any CPU
	EndGlobalSection
	GlobalSection(SolutionProperties) = preSolution
		HideSolutionNode = FALSE
	EndGlobalSection
	GlobalSection(ExtensibilityGlobals) = postSolution
		SolutionGuid = {AC4E62E0-040B-472E-92F3-41DF3106DB7A}
	EndGlobalSection
EndGlobal
